{
  "name": "irc",
  "version": "0.5.2",
  "lockfileVersion": 1,
  "requires": true,
  "dependencies": {
    "ansi-color": {
      "version": "0.2.1",
      "resolved": "https://registry.npmjs.org/ansi-color/-/ansi-color-0.2.1.tgz",
      "integrity": "sha1-PnXAN0dSF1RO12Oo21cJ+prlv5o=",
      "dev": true
    },
    "balanced-match": {
      "version": "1.0.0",
      "resolved": "https://registry.npmjs.org/balanced-match/-/balanced-match-1.0.0.tgz",
      "integrity": "sha1-ibTRmasr7kneFk6gK4nORi1xt2c=",
      "dev": true
    },
    "brace-expansion": {
      "version": "1.1.11",
      "resolved": "https://registry.npmjs.org/brace-expansion/-/brace-expansion-1.1.11.tgz",
      "integrity": "sha512-iCuPHDFgrHX7H2vEI/5xpz07zSHB00TpugqhmYtVmMO6518mCuRMoOYFldEBl0g187ufozdaHgWKcYFb61qGiA==",
      "dev": true,
      "requires": {
        "balanced-match": "^1.0.0",
        "concat-map": "0.0.1"
      }
    },
    "colors": {
      "version": "1.0.3",
      "resolved": "https://registry.npmjs.org/colors/-/colors-1.0.3.tgz",
      "integrity": "sha1-BDP0TYCWgP3rYO0mDxsMJi6CpAs=",
      "dev": true
    },
    "commander": {
      "version": "2.5.1",
      "resolved": "https://registry.npmjs.org/commander/-/commander-2.5.1.tgz",
      "integrity": "sha1-I8Yfbke+FDzALnrUuxxH9c1aKIM=",
      "dev": true
    },
    "concat-map": {
      "version": "0.0.1",
      "resolved": "https://registry.npmjs.org/concat-map/-/concat-map-0.0.1.tgz",
      "integrity": "sha1-2Klr13/Wjfd5OnMDajug1UBdR3s=",
      "dev": true
    },
    "core-util-is": {
      "version": "1.0.2",
      "resolved": "https://registry.npmjs.org/core-util-is/-/core-util-is-1.0.2.tgz",
      "integrity": "sha1-tf1UIgqivFq1eqtxQMlAdUUDwac=",
      "dev": true
    },
    "deep-equal": {
      "version": "0.1.2",
      "resolved": "https://registry.npmjs.org/deep-equal/-/deep-equal-0.1.2.tgz",
      "integrity": "sha1-skbCuApXCkfBG+HZvRBw7IeLh84=",
      "dev": true
    },
    "defined": {
      "version": "0.0.0",
      "resolved": "https://registry.npmjs.org/defined/-/defined-0.0.0.tgz",
      "integrity": "sha1-817qfXBekzuvE7LwOz+D2SFAOz4=",
      "dev": true
    },
    "duplexer": {
      "version": "0.1.1",
      "resolved": "https://registry.npmjs.org/duplexer/-/duplexer-0.1.1.tgz",
      "integrity": "sha1-rOb/gIwc5mtX0ev5eXessCM0z8E=",
      "dev": true
    },
    "esprima-harmony-jscs": {
      "version": "1.1.0-dev-harmony",
      "resolved": "https://registry.npmjs.org/esprima-harmony-jscs/-/esprima-harmony-jscs-1.1.0-dev-harmony.tgz",
      "integrity": "sha1-EAQZNTNxRfCZZcNKz2Wwn57uSeQ=",
      "dev": true
    },
    "estraverse": {
      "version": "1.8.0",
      "resolved": "https://registry.npmjs.org/estraverse/-/estraverse-1.8.0.tgz",
      "integrity": "sha1-PxJk+2LIUA265eT3NwXNV21q9Cg=",
      "dev": true
    },
    "exit": {
      "version": "0.1.2",
      "resolved": "https://registry.npmjs.org/exit/-/exit-0.1.2.tgz",
      "integrity": "sha1-BjJjj42HfMghB9MKD/8aF8uhzQw=",
      "dev": true
    },
    "faucet": {
      "version": "0.0.1",
      "resolved": "https://registry.npmjs.org/faucet/-/faucet-0.0.1.tgz",
      "integrity": "sha1-WX3PHSGJosBiMhtZHo8VHtIDnZw=",
      "dev": true,
      "requires": {
        "defined": "0.0.0",
        "duplexer": "~0.1.1",
        "minimist": "0.0.5",
        "sprintf": "~0.1.3",
        "tap-parser": "~0.4.0",
        "tape": "~2.3.2",
        "through2": "~0.2.3"
      },
      "dependencies": {
        "tape": {
          "version": "2.3.3",
          "resolved": "https://registry.npmjs.org/tape/-/tape-2.3.3.tgz",
          "integrity": "sha1-Lnzgox3wn41oUWZKcYQuDKUFevc=",
          "dev": true,
          "requires": {
            "deep-equal": "~0.1.0",
            "defined": "~0.0.0",
            "inherits": "~2.0.1",
            "jsonify": "~0.0.0",
            "resumer": "~0.0.0",
            "through": "~2.3.4"
          }
        }
      }
    },
    "fs.realpath": {
      "version": "1.0.0",
      "resolved": "https://registry.npmjs.org/fs.realpath/-/fs.realpath-1.0.0.tgz",
      "integrity": "sha1-FQStJSMVjKpA20onh8sBQRmU6k8=",
      "dev": true
    },
    "glob": {
      "version": "4.0.6",
      "resolved": "https://registry.npmjs.org/glob/-/glob-4.0.6.tgz",
      "integrity": "sha1-aVxQvdTi+1xdNwsJHziNNwfikac=",
      "dev": true,
      "requires": {
        "graceful-fs": "^3.0.2",
        "inherits": "2",
        "minimatch": "^1.0.0",
        "once": "^1.3.0"
      }
    },
    "graceful-fs": {
      "version": "3.0.12",
      "resolved": "https://registry.npmjs.org/graceful-fs/-/graceful-fs-3.0.12.tgz",
      "integrity": "sha512-J55gaCS4iTTJfTXIxSVw3EMQckcqkpdRv3IR7gu6sq0+tbC363Zx6KH/SEwXASK9JRbhyZmVjJEVJIOxYsB3Qg==",
      "dev": true,
      "requires": {
        "natives": "^1.1.3"
      }
    },
    "iconv": {
      "version": "2.2.3",
      "resolved": "https://registry.npmjs.org/iconv/-/iconv-2.2.3.tgz",
      "integrity": "sha1-4ITWDut9c9p/CpwJbkyKvgkL+u0=",
      "optional": true,
      "requires": {
        "nan": "^2.3.5"
      }
    },
    "inflight": {
      "version": "1.0.6",
      "resolved": "https://registry.npmjs.org/inflight/-/inflight-1.0.6.tgz",
      "integrity": "sha1-Sb1jMdfQLQwJvJEKEHW6gWW1bfk=",
      "dev": true,
      "requires": {
        "once": "^1.3.0",
        "wrappy": "1"
      }
    },
    "inherits": {
      "version": "2.0.4",
      "resolved": "https://registry.npmjs.org/inherits/-/inherits-2.0.4.tgz",
      "integrity": "sha512-k/vGaX4/Yla3WzyMCvTQOXYeIHvqOKtnqBduzTHpzpQZzAskKMhZ2K+EnBiSM9zGSoIFeMpXKxa4dYeZIQqewQ==",
      "dev": true
    },
    "irc-colors": {
      "version": "1.5.0",
      "resolved": "https://registry.npmjs.org/irc-colors/-/irc-colors-1.5.0.tgz",
      "integrity": "sha512-HtszKchBQTcqw1DC09uD7i7vvMayHGM1OCo6AHt5pkgZEyo99ClhHTMJdf+Ezc9ovuNNxcH89QfyclGthjZJOw=="
    },
    "isarray": {
      "version": "0.0.1",
      "resolved": "https://registry.npmjs.org/isarray/-/isarray-0.0.1.tgz",
      "integrity": "sha1-ihis/Kmo9Bd+Cav8YDiTmwXR7t8=",
      "dev": true
    },
    "jscs": {
      "version": "1.9.0",
      "resolved": "https://registry.npmjs.org/jscs/-/jscs-1.9.0.tgz",
      "integrity": "sha1-M5Sh27/CATiZLZDxEY9IKDvZ558=",
      "dev": true,
      "requires": {
        "colors": "~1.0.3",
        "commander": "~2.5.0",
        "esprima": "~1.2.2",
        "esprima-harmony-jscs": "1.1.0-dev-harmony",
        "estraverse": "~1.8.0",
        "exit": "~0.1.2",
        "glob": "~4.0.0",
        "minimatch": "~1.0.0",
        "regenerate": "~1.0.1",
        "strip-json-comments": "~1.0.1",
        "supports-color": "~1.2.0",
        "unicode-6.3.0": "~0.1.5",
        "vow": "~0.4.3",
        "vow-fs": "~0.3.1",
        "xmlbuilder": "~2.4.0"
      },
      "dependencies": {
        "esprima": {
          "version": "1.2.5",
          "resolved": "https://registry.npmjs.org/esprima/-/esprima-1.2.5.tgz",
          "integrity": "sha1-CZNQL+r2aBODJXVvMPmlH+7sEek=",
          "dev": true
        }
      }
    },
    "jsonify": {
      "version": "0.0.0",
      "resolved": "https://registry.npmjs.org/jsonify/-/jsonify-0.0.0.tgz",
      "integrity": "sha1-LHS27kHZPKUbe1qu6PUDYx0lKnM=",
      "dev": true
    },
    "lodash-node": {
      "version": "2.4.1",
      "resolved": "https://registry.npmjs.org/lodash-node/-/lodash-node-2.4.1.tgz",
      "integrity": "sha1-6oL3sQDHM9GkKvdoAeUGEF4qgOw=",
      "dev": true
    },
    "lru-cache": {
      "version": "2.7.3",
      "resolved": "https://registry.npmjs.org/lru-cache/-/lru-cache-2.7.3.tgz",
      "integrity": "sha1-bUUk6LlV+V1PW1iFHOId1y+06VI=",
      "dev": true
    },
    "minimatch": {
      "version": "1.0.0",
      "resolved": "https://registry.npmjs.org/minimatch/-/minimatch-1.0.0.tgz",
      "integrity": "sha1-4N0hILSeG3JM6NcUxSCCKpQ4V20=",
      "dev": true,
      "requires": {
        "lru-cache": "2",
        "sigmund": "~1.0.0"
      }
    },
    "minimist": {
      "version": "0.0.5",
      "resolved": "https://registry.npmjs.org/minimist/-/minimist-0.0.5.tgz",
      "integrity": "sha1-16oye87PUY+RBqxrjwA/o7zqhWY=",
      "dev": true
    },
    "nan": {
      "version": "2.14.0",
      "resolved": "https://registry.npmjs.org/nan/-/nan-2.14.0.tgz",
      "integrity": "sha512-INOFj37C7k3AfaNTtX8RhsTw7qRy7eLET14cROi9+5HAVbbHuIWUHEauBv5qT4Av2tWasiTY1Jw6puUNqRJXQg==",
      "optional": true
    },
    "natives": {
      "version": "1.1.6",
      "resolved": "https://registry.npmjs.org/natives/-/natives-1.1.6.tgz",
      "integrity": "sha512-6+TDFewD4yxY14ptjKaS63GVdtKiES1pTPyxn9Jb0rBqPMZ7VcCiooEhPNsr+mqHtMGxa/5c/HhcC4uPEUw/nA==",
      "dev": true
    },
    "node-icu-charset-detector": {
      "version": "0.2.0",
      "resolved": "https://registry.npmjs.org/node-icu-charset-detector/-/node-icu-charset-detector-0.2.0.tgz",
      "integrity": "sha1-wjINo3Tdy2cfxUy0oOBB4Vb/1jk=",
      "optional": true,
      "requires": {
        "nan": "^2.3.3"
      }
    },
    "object-inspect": {
      "version": "0.4.0",
      "resolved": "https://registry.npmjs.org/object-inspect/-/object-inspect-0.4.0.tgz",
      "integrity": "sha1-9RV8EWwUVbJDsG7pdwM5LFrYn+w=",
      "dev": true
    },
    "object-keys": {
      "version": "0.4.0",
      "resolved": "https://registry.npmjs.org/object-keys/-/object-keys-0.4.0.tgz",
      "integrity": "sha1-KKaq50KN0sOpLz2V8hM13SBOAzY=",
      "dev": true
    },
    "once": {
      "version": "1.4.0",
      "resolved": "https://registry.npmjs.org/once/-/once-1.4.0.tgz",
      "integrity": "sha1-WDsap3WWHUsROsF9nFC6753Xa9E=",
      "dev": true,
      "requires": {
        "wrappy": "1"
      }
    },
    "path-is-absolute": {
      "version": "1.0.1",
      "resolved": "https://registry.npmjs.org/path-is-absolute/-/path-is-absolute-1.0.1.tgz",
      "integrity": "sha1-F0uSaHNVNP+8es5r9TpanhtcX18=",
      "dev": true
    },
    "readable-stream": {
      "version": "1.1.14",
      "resolved": "https://registry.npmjs.org/readable-stream/-/readable-stream-1.1.14.tgz",
      "integrity": "sha1-fPTFTvZI44EwhMY23SB54WbAgdk=",
      "dev": true,
      "requires": {
        "core-util-is": "~1.0.0",
        "inherits": "~2.0.1",
        "isarray": "0.0.1",
        "string_decoder": "~0.10.x"
      }
    },
    "regenerate": {
      "version": "1.0.1",
      "resolved": "https://registry.npmjs.org/regenerate/-/regenerate-1.0.1.tgz",
      "integrity": "sha1-OQVHbyooBE6+cMR+Ck0R2dF7dCQ=",
      "dev": true
    },
    "resumer": {
      "version": "0.0.0",
      "resolved": "https://registry.npmjs.org/resumer/-/resumer-0.0.0.tgz",
      "integrity": "sha1-8ej0YeQGS6Oegq883CqMiT0HZ1k=",
      "dev": true,
      "requires": {
        "through": "~2.3.4"
      }
    },
    "sigmund": {
      "version": "1.0.1",
      "resolved": "https://registry.npmjs.org/sigmund/-/sigmund-1.0.1.tgz",
      "integrity": "sha1-P/IfGYytIXX587eBhT/ZTQ0ZtZA=",
      "dev": true
    },
    "sprintf": {
      "version": "0.1.5",
      "resolved": "https://registry.npmjs.org/sprintf/-/sprintf-0.1.5.tgz",
      "integrity": "sha1-j4PjmpMXwaUCy324BQ5Rxnn27c8=",
      "dev": true
    },
    "string_decoder": {
      "version": "0.10.31",
      "resolved": "https://registry.npmjs.org/string_decoder/-/string_decoder-0.10.31.tgz",
      "integrity": "sha1-YuIDvEF2bGwoyfyEMB2rHFMQ+pQ=",
      "dev": true
    },
    "strip-json-comments": {
      "version": "1.0.4",
      "resolved": "https://registry.npmjs.org/strip-json-comments/-/strip-json-comments-1.0.4.tgz",
      "integrity": "sha1-HhX7ysl9Pumb8tc7TGVrCCu6+5E=",
      "dev": true
    },
    "supports-color": {
      "version": "1.2.1",
      "resolved": "https://registry.npmjs.org/supports-color/-/supports-color-1.2.1.tgz",
      "integrity": "sha1-Eu4hUHCGzZjBBY2ewPSsR2t687I=",
      "dev": true
    },
    "tap-parser": {
      "version": "0.4.3",
      "resolved": "https://registry.npmjs.org/tap-parser/-/tap-parser-0.4.3.tgz",
      "integrity": "sha1-pOrhkMENdsehEZIf84u+TVjwnuo=",
      "dev": true,
      "requires": {
        "inherits": "~2.0.1",
        "readable-stream": "~1.1.11"
      }
    },
    "tape": {
      "version": "3.6.1",
      "resolved": "https://registry.npmjs.org/tape/-/tape-3.6.1.tgz",
      "integrity": "sha1-SJPdU+KApfWMDOswwsDrs7zVHh8=",
      "dev": true,
      "requires": {
        "deep-equal": "~0.2.0",
        "defined": "~0.0.0",
        "glob": "~3.2.9",
        "inherits": "~2.0.1",
        "object-inspect": "~0.4.0",
        "resumer": "~0.0.0",
        "through": "~2.3.4"
      },
      "dependencies": {
        "deep-equal": {
          "version": "0.2.2",
          "resolved": "https://registry.npmjs.org/deep-equal/-/deep-equal-0.2.2.tgz",
          "integrity": "sha1-hLdFiW80xoTpjyzg5Cq69Du6AX0=",
          "dev": true
        },
        "glob": {
          "version": "3.2.11",
          "resolved": "https://registry.npmjs.org/glob/-/glob-3.2.11.tgz",
          "integrity": "sha1-Spc/Y1uRkPcV0QmH1cAP0oFevj0=",
          "dev": true,
          "requires": {
            "inherits": "2",
            "minimatch": "0.3"
          }
        },
        "minimatch": {
          "version": "0.3.0",
          "resolved": "https://registry.npmjs.org/minimatch/-/minimatch-0.3.0.tgz",
          "integrity": "sha1-J12O2qxPG7MyZHIInnlJyDlGmd0=",
          "dev": true,
          "requires": {
            "lru-cache": "2",
            "sigmund": "~1.0.0"
          }
        }
      }
    },
    "through": {
      "version": "2.3.8",
      "resolved": "https://registry.npmjs.org/through/-/through-2.3.8.tgz",
      "integrity": "sha1-DdTJ/6q8NXlgsbckEV1+Doai4fU=",
      "dev": true
    },
    "through2": {
      "version": "0.2.3",
      "resolved": "https://registry.npmjs.org/through2/-/through2-0.2.3.tgz",
      "integrity": "sha1-6zKE2k6jEbbMis42U3SKUqvyWj8=",
      "dev": true,
      "requires": {
        "readable-stream": "~1.1.9",
        "xtend": "~2.1.1"
      }
    },
    "unicode-6.3.0": {
      "version": "0.1.6",
      "resolved": "https://registry.npmjs.org/unicode-6.3.0/-/unicode-6.3.0-0.1.6.tgz",
      "integrity": "sha1-s28AYc/AgVGpRTsOC+McTT0Lo78=",
      "dev": true
    },
    "uuid": {
      "version": "2.0.3",
      "resolved": "https://registry.npmjs.org/uuid/-/uuid-2.0.3.tgz",
      "integrity": "sha1-Z+LoY3lyFVMN/zGOW/nc6/1Hsho=",
      "dev": true
    },
    "vow": {
      "version": "0.4.20",
      "resolved": "https://registry.npmjs.org/vow/-/vow-0.4.20.tgz",
      "integrity": "sha512-YYoSYXUYABqY08D/WrjcWJxJSErcILRRTQpcPyUc0SFfgIPKSUFzVt7u1HC3TXGJZM/qhsSjCLNQstxqf7asgQ==",
      "dev": true
    },
    "vow-fs": {
      "version": "0.3.6",
      "resolved": "https://registry.npmjs.org/vow-fs/-/vow-fs-0.3.6.tgz",
      "integrity": "sha1-LUxZviLivyYY3fWXq0uqkjvnIA0=",
      "dev": true,
      "requires": {
        "glob": "^7.0.5",
        "uuid": "^2.0.2",
        "vow": "^0.4.7",
        "vow-queue": "^0.4.1"
      },
      "dependencies": {
        "glob": {
          "version": "7.1.6",
          "resolved": "https://registry.npmjs.org/glob/-/glob-7.1.6.tgz",
          "integrity": "sha512-LwaxwyZ72Lk7vZINtNNrywX0ZuLyStrdDtabefZKAY5ZGJhVtgdznluResxNmPitE0SAO+O26sWTHeKSI2wMBA==",
          "dev": true,
          "requires": {
            "fs.realpath": "^1.0.0",
            "inflight": "^1.0.4",
            "inherits": "2",
            "minimatch": "^3.0.4",
            "once": "^1.3.0",
            "path-is-absolute": "^1.0.0"
          }
        },
        "minimatch": {
          "version": "3.0.4",
          "resolved": "https://registry.npmjs.org/minimatch/-/minimatch-3.0.4.tgz",
          "integrity": "sha512-yJHVQEhyqPLUTgt9B83PXu6W3rx4MvvHvSUvToogpwoGDOUQ+yDrR0HRot+yOCdCO7u4hX3pWft6kWBBcqh0UA==",
          "dev": true,
          "requires": {
            "brace-expansion": "^1.1.7"
          }
        }
      }
    },
    "vow-queue": {
      "version": "0.4.3",
      "resolved": "https://registry.npmjs.org/vow-queue/-/vow-queue-0.4.3.tgz",
      "integrity": "sha512-/poAKDTFL3zYbeQg7cl4BGcfP4sGgXKrHnRFSKj97dteUFu8oyXMwIcdwu8NSx/RmPGIuYx1Bik/y5vU4H/VKw==",
      "dev": true,
      "requires": {
        "vow": "^0.4.17"
      }
    },
    "wrappy": {
      "version": "1.0.2",
      "resolved": "https://registry.npmjs.org/wrappy/-/wrappy-1.0.2.tgz",
      "integrity": "sha1-tSQ9jz7BqjXxNkYFvA0QNuMKtp8=",
      "dev": true
    },
    "xmlbuilder": {
      "version": "2.4.6",
      "resolved": "https://registry.npmjs.org/xmlbuilder/-/xmlbuilder-2.4.6.tgz",
      "integrity": "sha1-QsZk8TWIZOW+sUYbQ0auyHtjRQ8=",
      "dev": true,
      "requires": {
        "lodash-node": "~2.4.1"
      }
    },
    "xtend": {
      "version": "2.1.2",
      "resolved": "https://registry.npmjs.org/xtend/-/xtend-2.1.2.tgz",
      "integrity": "sha1-bv7MKk2tjmlixJAbM3znuoe10os=",
      "dev": true,
      "requires": {
        "object-keys": "~0.4.0"
      }
    }
  }
}
